
Microsoft Visual Studio Solution File, Format Version 12.00
# Visual Studio Version 17
VisualStudioVersion = 17.2.32317.152
MinimumVisualStudioVersion = 10.0.40219.1
Project("{FAE04EC0-301F-11D3-BF4B-00C04F79EFBC}") = "AkiraBot", "AkiraBot\AkiraBot.csproj", "{01A76E70-0493-4175-92FE-FCD83142A819}"
EndProject
Global
	GlobalSection(SolutionConfigurationPlatforms) = preSolution
		Debug|Any CPU = Debug|Any CPU
		Release|Any CPU = Release|Any CPU
	EndGlobalSection
	GlobalSection(ProjectConfigurationPlatforms) = postSolution
		{01A76E70-0493-4175-92FE-FCD83142A819}.Debug|Any CPU.ActiveCfg = Debug|Any CPU
		{01A76E70-0493-4175-92FE-FCD83142A819}.Debug|Any CPU.Build.0 = Debug|Any CPU
		{01A76E70-0493-4175-92FE-FCD83142A819}.Release|Any CPU.ActiveCfg = Release|Any CPU
		{01A76E70-0493-4175-92FE-FCD83142A819}.Release|Any CPU.Build.0 = Release|Any CPU
	EndGlobalSection
	GlobalSection(SolutionProperties) = preSolution
		HideSolutionNode = FALSE
	EndGlobalSection
	GlobalSection(ExtensibilityGlobals) = postSolution
		SolutionGuid = {8A05299B-A2D5-4290-8C07-303715035BCB}
	EndGlobalSection
EndGlobal
